
Microsoft Visual Studio Solution File, Format Version 12.00
# Visual Studio Version 17
VisualStudioVersion = 17.5.33424.131
MinimumVisualStudioVersion = 10.0.40219.1
Project("{FAE04EC0-301F-11D3-BF4B-00C04F79EFBC}") = "Oppgave_Hva_Gjor_Denne_Koden", "Oppgave_Hva_Gjor_Denne_Koden.csproj", "{D8C121AF-19E9-4687-A690-D6BE23A78A60}"
EndProject
Global
	GlobalSection(SolutionConfigurationPlatforms) = preSolution
		Debug|Any CPU = Debug|Any CPU
		Release|Any CPU = Release|Any CPU
	EndGlobalSection
	GlobalSection(ProjectConfigurationPlatforms) = postSolution
		{D8C121AF-19E9-4687-A690-D6BE23A78A60}.Debug|Any CPU.ActiveCfg = Debug|Any CPU
		{D8C121AF-19E9-4687-A690-D6BE23A78A60}.Debug|Any CPU.Build.0 = Debug|Any CPU
		{D8C121AF-19E9-4687-A690-D6BE23A78A60}.Release|Any CPU.ActiveCfg = Release|Any CPU
		{D8C121AF-19E9-4687-A690-D6BE23A78A60}.Release|Any CPU.Build.0 = Release|Any CPU
	EndGlobalSection
	GlobalSection(SolutionProperties) = preSolution
		HideSolutionNode = FALSE
	EndGlobalSection
	GlobalSection(ExtensibilityGlobals) = postSolution
		SolutionGuid = {17721011-474A-4A92-8A8D-8EF1BE008220}
	EndGlobalSection
EndGlobal
