
Microsoft Visual Studio Solution File, Format Version 12.00
# Visual Studio Version 17
VisualStudioVersion = 17.4.33213.308
MinimumVisualStudioVersion = 10.0.40219.1
Project("{FAE04EC0-301F-11D3-BF4B-00C04F79EFBC}") = "Oppgaver om returverdier", "Oppgaver om returverdier.csproj", "{5CD62075-9743-436F-A7B8-458DB40E1D18}"
EndProject
Global
	GlobalSection(SolutionConfigurationPlatforms) = preSolution
		Debug|Any CPU = Debug|Any CPU
		Release|Any CPU = Release|Any CPU
	EndGlobalSection
	GlobalSection(ProjectConfigurationPlatforms) = postSolution
		{5CD62075-9743-436F-A7B8-458DB40E1D18}.Debug|Any CPU.ActiveCfg = Debug|Any CPU
		{5CD62075-9743-436F-A7B8-458DB40E1D18}.Debug|Any CPU.Build.0 = Debug|Any CPU
		{5CD62075-9743-436F-A7B8-458DB40E1D18}.Release|Any CPU.ActiveCfg = Release|Any CPU
		{5CD62075-9743-436F-A7B8-458DB40E1D18}.Release|Any CPU.Build.0 = Release|Any CPU
	EndGlobalSection
	GlobalSection(SolutionProperties) = preSolution
		HideSolutionNode = FALSE
	EndGlobalSection
	GlobalSection(ExtensibilityGlobals) = postSolution
		SolutionGuid = {2CE3E329-276A-4E91-B03D-F10665C48411}
	EndGlobalSection
EndGlobal
